
Microsoft Visual Studio Solution File, Format Version 12.00
# Visual Studio Version 16
VisualStudioVersion = 16.0.30503.244
MinimumVisualStudioVersion = 10.0.40219.1
Project("{FAE04EC0-301F-11D3-BF4B-00C04F79EFBC}") = "CheckMonth2", "CheckMonth2.csproj", "{4512A720-C76A-48F9-A1D0-2B92EC415F25}"
EndProject
Global
	GlobalSection(SolutionConfigurationPlatforms) = preSolution
		Debug|Any CPU = Debug|Any CPU
		Release|Any CPU = Release|Any CPU
	EndGlobalSection
	GlobalSection(ProjectConfigurationPlatforms) = postSolution
		{4512A720-C76A-48F9-A1D0-2B92EC415F25}.Debug|Any CPU.ActiveCfg = Debug|Any CPU
		{4512A720-C76A-48F9-A1D0-2B92EC415F25}.Debug|Any CPU.Build.0 = Debug|Any CPU
		{4512A720-C76A-48F9-A1D0-2B92EC415F25}.Release|Any CPU.ActiveCfg = Release|Any CPU
		{4512A720-C76A-48F9-A1D0-2B92EC415F25}.Release|Any CPU.Build.0 = Release|Any CPU
	EndGlobalSection
	GlobalSection(SolutionProperties) = preSolution
		HideSolutionNode = FALSE
	EndGlobalSection
	GlobalSection(ExtensibilityGlobals) = postSolution
		SolutionGuid = {2155B780-E441-448A-A75E-B9A6F6218770}
	EndGlobalSection
EndGlobal
